/* 开发者 郭林
 * 功能 加减法
 * 时间 2020.3.15  1111
 */
using System;
using System.Collections.Generic;
using System.Linq;
using System.Text;
using System.Threading.Tasks;

namespace ConsoleExample1
{
    class Program
    {
        static void Main(string[] args)
        {
            int sum = 0;
            sum = JiaFa(3, 5);
            // Console.WriteLine("和为",sum);
            // Myclass.JianFa(5,3);
            Console.WriteLine(JiaFa(5,3));
            Console.WriteLine(Myclass.JianFa(5, 3));
        }
        //加法方法
        static int JiaFa(int a, int b)
        {
            return a + b;
        }
    }
        class Myclass
        {
            //减法方法
           public static int JianFa(int a, int b)
            {
                return a - b;
            }
        }
    
}

